# This file was autogenerated by Juvix version 0.6.10.
# Do not edit this file manually.

version: 2
checksum: 8a81325fe6f798f9afc260e2e9d74646a05046d1feab3af008272d5a75aa624e
dependencies:
- git:
    name: anoma_juvix-stdlib
    ref: 24988693716daa8476806a812e71ce229983f5fa
    url: https://github.com/anoma/juvix-stdlib
  dependencies: []
- git:
    name: anoma_anoma-applib
    ref: 9a6f15120b6b3ca85ad4a012c31aec4fb3394368
    url: https://github.com/anoma/anoma-applib
  dependencies:
  - git:
      name: anoma_juvix-stdlib
      ref: 24988693716daa8476806a812e71ce229983f5fa
      url: https://github.com/anoma/juvix-stdlib
    dependencies: []
  - git:
      name: anoma_juvix-mtl
      ref: deb95fae8d728b916fb352d84e1b92d0320cf513
      url: https://github.com/anoma/juvix-mtl
    dependencies:
    - git:
        name: anoma_juvix-stdlib
        ref: 24988693716daa8476806a812e71ce229983f5fa
        url: https://github.com/anoma/juvix-stdlib
      dependencies: []
- git:
    name: anoma_juvix-mtl
    ref: deb95fae8d728b916fb352d84e1b92d0320cf513
    url: https://github.com/anoma/juvix-mtl
  dependencies:
  - git:
      name: anoma_juvix-stdlib
      ref: 24988693716daa8476806a812e71ce229983f5fa
      url: https://github.com/anoma/juvix-stdlib
    dependencies: []
